
Microsoft Visual Studio Solution File, Format Version 12.00
# Visual Studio Version 16
VisualStudioVersion = 16.0.30611.23
MinimumVisualStudioVersion = 10.0.40219.1
Project("{FAE04EC0-301F-11D3-BF4B-00C04F79EFBC}") = "eserve2", "eserve2.csproj", "{AD5D3C12-0D3B-48B3-9445-7F4B47A52094}"
EndProject
Global
	GlobalSection(SolutionConfigurationPlatforms) = preSolution
		Debug|Any CPU = Debug|Any CPU
		Release|Any CPU = Release|Any CPU
	EndGlobalSection
	GlobalSection(ProjectConfigurationPlatforms) = postSolution
		{AD5D3C12-0D3B-48B3-9445-7F4B47A52094}.Debug|Any CPU.ActiveCfg = Debug|Any CPU
		{AD5D3C12-0D3B-48B3-9445-7F4B47A52094}.Debug|Any CPU.Build.0 = Debug|Any CPU
		{AD5D3C12-0D3B-48B3-9445-7F4B47A52094}.Release|Any CPU.ActiveCfg = Release|Any CPU
		{AD5D3C12-0D3B-48B3-9445-7F4B47A52094}.Release|Any CPU.Build.0 = Release|Any CPU
	EndGlobalSection
	GlobalSection(SolutionProperties) = preSolution
		HideSolutionNode = FALSE
	EndGlobalSection
	GlobalSection(ExtensibilityGlobals) = postSolution
		SolutionGuid = {EA327F74-8A1D-426D-A016-20925EC618F3}
	EndGlobalSection
EndGlobal
